
Microsoft Visual Studio Solution File, Format Version 12.00
# Visual Studio 15
Project("{FAE04EC0-301F-11D3-BF4B-00C04F79EFBC}") = "Assembly-CSharp", "Assembly-CSharp.csproj", "{BA59675E-3EB8-1F6F-9EB1-D6A16E004FA2}"
EndProject
Project("{FAE04EC0-301F-11D3-BF4B-00C04F79EFBC}") = "Assembly-CSharp-firstpass", "Assembly-CSharp-firstpass.csproj", "{4FB59B02-E1A3-796D-3FFA-D3C5303DF77E}"
EndProject
Project("{FAE04EC0-301F-11D3-BF4B-00C04F79EFBC}") = "Assembly-CSharp-Editor", "Assembly-CSharp-Editor.csproj", "{51817EA0-A5F3-543F-5FA5-D6E874A5FF28}"
EndProject
Project("{FAE04EC0-301F-11D3-BF4B-00C04F79EFBC}") = "Assembly-CSharp-Editor-firstpass", "Assembly-CSharp-Editor-firstpass.csproj", "{F48BE161-7D63-76E3-8728-932E26A61D1C}"
EndProject
Global
	GlobalSection(SolutionConfigurationPlatforms) = preSolution
		Debug|Any CPU = Debug|Any CPU
		Release|Any CPU = Release|Any CPU
	EndGlobalSection
	GlobalSection(ProjectConfigurationPlatforms) = postSolution
		{BA59675E-3EB8-1F6F-9EB1-D6A16E004FA2}.Debug|Any CPU.ActiveCfg = Debug|Any CPU
		{BA59675E-3EB8-1F6F-9EB1-D6A16E004FA2}.Debug|Any CPU.Build.0 = Debug|Any CPU
		{BA59675E-3EB8-1F6F-9EB1-D6A16E004FA2}.Release|Any CPU.ActiveCfg = Release|Any CPU
		{BA59675E-3EB8-1F6F-9EB1-D6A16E004FA2}.Release|Any CPU.Build.0 = Release|Any CPU
		{4FB59B02-E1A3-796D-3FFA-D3C5303DF77E}.Debug|Any CPU.ActiveCfg = Debug|Any CPU
		{4FB59B02-E1A3-796D-3FFA-D3C5303DF77E}.Debug|Any CPU.Build.0 = Debug|Any CPU
		{4FB59B02-E1A3-796D-3FFA-D3C5303DF77E}.Release|Any CPU.ActiveCfg = Release|Any CPU
		{4FB59B02-E1A3-796D-3FFA-D3C5303DF77E}.Release|Any CPU.Build.0 = Release|Any CPU
		{51817EA0-A5F3-543F-5FA5-D6E874A5FF28}.Debug|Any CPU.ActiveCfg = Debug|Any CPU
		{51817EA0-A5F3-543F-5FA5-D6E874A5FF28}.Debug|Any CPU.Build.0 = Debug|Any CPU
		{51817EA0-A5F3-543F-5FA5-D6E874A5FF28}.Release|Any CPU.ActiveCfg = Release|Any CPU
		{51817EA0-A5F3-543F-5FA5-D6E874A5FF28}.Release|Any CPU.Build.0 = Release|Any CPU
		{F48BE161-7D63-76E3-8728-932E26A61D1C}.Debug|Any CPU.ActiveCfg = Debug|Any CPU
		{F48BE161-7D63-76E3-8728-932E26A61D1C}.Debug|Any CPU.Build.0 = Debug|Any CPU
		{F48BE161-7D63-76E3-8728-932E26A61D1C}.Release|Any CPU.ActiveCfg = Release|Any CPU
		{F48BE161-7D63-76E3-8728-932E26A61D1C}.Release|Any CPU.Build.0 = Release|Any CPU
	EndGlobalSection
	GlobalSection(SolutionProperties) = preSolution
		HideSolutionNode = FALSE
	EndGlobalSection
EndGlobal
